
Microsoft Visual Studio Solution File, Format Version 12.00
# Visual Studio 14
VisualStudioVersion = 14.0.25420.1
MinimumVisualStudioVersion = 10.0.40219.1
Project("{FAE04EC0-301F-11D3-BF4B-00C04F79EFBC}") = "DataLake.DAL", "DataLake.DAL\DataLake.DAL.csproj", "{F55A8BD4-5515-4D1D-B5CA-212485B98058}"
EndProject
Project("{2150E333-8FDC-42A3-9474-1A3956D46DE8}") = "WorkFlow", "WorkFlow", "{3F55D2D9-0114-4BBC-B7DA-7515895B163D}"
EndProject
Project("{FAE04EC0-301F-11D3-BF4B-00C04F79EFBC}") = "WorkFlowPublisher", "WorkFlowPublisher\WorkFlowPublisher.csproj", "{0C8942BD-AECC-47A1-B4CA-F9A632C3AEB2}"
EndProject
Project("{FAE04EC0-301F-11D3-BF4B-00C04F79EFBC}") = "WorkFlowSubscriber", "WorkFlowSubscriber\WorkFlowSubscriber.csproj", "{369E0D2F-E94C-4DBC-9662-B7253056980A}"
EndProject
Project("{FAE04EC0-301F-11D3-BF4B-00C04F79EFBC}") = "WorkFlowDataExecution", "WorkFlowDataExecution\WorkFlowDataExecution.csproj", "{4DF8923B-5711-416B-B43F-515BE026375A}"
EndProject
Project("{FAE04EC0-301F-11D3-BF4B-00C04F79EFBC}") = "ServiceBusExecution", "ServiceBusExecution\ServiceBusExecution.csproj", "{D10322FF-08CF-4DB5-9B0D-B56F4B5D24F9}"
EndProject
Project("{FAE04EC0-301F-11D3-BF4B-00C04F79EFBC}") = "WorkFlowCommon", "WorkFlowCommon\WorkFlowCommon.csproj", "{B4BDB1EF-0577-4537-9F92-FC271395BA50}"
EndProject
Project("{FAE04EC0-301F-11D3-BF4B-00C04F79EFBC}") = "WorkFlowLog", "WorkFlowLog\WorkFlowLog.csproj", "{EC014583-F645-4882-911B-A2891B326DCC}"
EndProject
Project("{FAE04EC0-301F-11D3-BF4B-00C04F79EFBC}") = "WorkFlowStreamAnalytics", "WorkFlowStreamAnalytics\WorkFlowStreamAnalytics.csproj", "{DA09B3CB-FB52-4597-8089-40A670A962D7}"
EndProject
Project("{FAE04EC0-301F-11D3-BF4B-00C04F79EFBC}") = "WorkFlowReflection", "WorkFlowReflection\WorkFlowReflection.csproj", "{F64D87CF-0458-4FF7-89E2-8833F7B219BF}"
EndProject
Global
	GlobalSection(SolutionConfigurationPlatforms) = preSolution
		Debug|Any CPU = Debug|Any CPU
		Release|Any CPU = Release|Any CPU
	EndGlobalSection
	GlobalSection(ProjectConfigurationPlatforms) = postSolution
		{F55A8BD4-5515-4D1D-B5CA-212485B98058}.Debug|Any CPU.ActiveCfg = Debug|Any CPU
		{F55A8BD4-5515-4D1D-B5CA-212485B98058}.Debug|Any CPU.Build.0 = Debug|Any CPU
		{F55A8BD4-5515-4D1D-B5CA-212485B98058}.Release|Any CPU.ActiveCfg = Release|Any CPU
		{F55A8BD4-5515-4D1D-B5CA-212485B98058}.Release|Any CPU.Build.0 = Release|Any CPU
		{0C8942BD-AECC-47A1-B4CA-F9A632C3AEB2}.Debug|Any CPU.ActiveCfg = Debug|Any CPU
		{0C8942BD-AECC-47A1-B4CA-F9A632C3AEB2}.Debug|Any CPU.Build.0 = Debug|Any CPU
		{0C8942BD-AECC-47A1-B4CA-F9A632C3AEB2}.Release|Any CPU.ActiveCfg = Release|Any CPU
		{0C8942BD-AECC-47A1-B4CA-F9A632C3AEB2}.Release|Any CPU.Build.0 = Release|Any CPU
		{369E0D2F-E94C-4DBC-9662-B7253056980A}.Debug|Any CPU.ActiveCfg = Debug|Any CPU
		{369E0D2F-E94C-4DBC-9662-B7253056980A}.Debug|Any CPU.Build.0 = Debug|Any CPU
		{369E0D2F-E94C-4DBC-9662-B7253056980A}.Release|Any CPU.ActiveCfg = Release|Any CPU
		{369E0D2F-E94C-4DBC-9662-B7253056980A}.Release|Any CPU.Build.0 = Release|Any CPU
		{4DF8923B-5711-416B-B43F-515BE026375A}.Debug|Any CPU.ActiveCfg = Debug|Any CPU
		{4DF8923B-5711-416B-B43F-515BE026375A}.Debug|Any CPU.Build.0 = Debug|Any CPU
		{4DF8923B-5711-416B-B43F-515BE026375A}.Release|Any CPU.ActiveCfg = Release|Any CPU
		{4DF8923B-5711-416B-B43F-515BE026375A}.Release|Any CPU.Build.0 = Release|Any CPU
		{D10322FF-08CF-4DB5-9B0D-B56F4B5D24F9}.Debug|Any CPU.ActiveCfg = Debug|Any CPU
		{D10322FF-08CF-4DB5-9B0D-B56F4B5D24F9}.Debug|Any CPU.Build.0 = Debug|Any CPU
		{D10322FF-08CF-4DB5-9B0D-B56F4B5D24F9}.Release|Any CPU.ActiveCfg = Release|Any CPU
		{D10322FF-08CF-4DB5-9B0D-B56F4B5D24F9}.Release|Any CPU.Build.0 = Release|Any CPU
		{B4BDB1EF-0577-4537-9F92-FC271395BA50}.Debug|Any CPU.ActiveCfg = Debug|Any CPU
		{B4BDB1EF-0577-4537-9F92-FC271395BA50}.Debug|Any CPU.Build.0 = Debug|Any CPU
		{B4BDB1EF-0577-4537-9F92-FC271395BA50}.Release|Any CPU.ActiveCfg = Release|Any CPU
		{B4BDB1EF-0577-4537-9F92-FC271395BA50}.Release|Any CPU.Build.0 = Release|Any CPU
		{EC014583-F645-4882-911B-A2891B326DCC}.Debug|Any CPU.ActiveCfg = Debug|Any CPU
		{EC014583-F645-4882-911B-A2891B326DCC}.Debug|Any CPU.Build.0 = Debug|Any CPU
		{EC014583-F645-4882-911B-A2891B326DCC}.Release|Any CPU.ActiveCfg = Release|Any CPU
		{EC014583-F645-4882-911B-A2891B326DCC}.Release|Any CPU.Build.0 = Release|Any CPU
		{DA09B3CB-FB52-4597-8089-40A670A962D7}.Debug|Any CPU.ActiveCfg = Debug|Any CPU
		{DA09B3CB-FB52-4597-8089-40A670A962D7}.Debug|Any CPU.Build.0 = Debug|Any CPU
		{DA09B3CB-FB52-4597-8089-40A670A962D7}.Release|Any CPU.ActiveCfg = Release|Any CPU
		{DA09B3CB-FB52-4597-8089-40A670A962D7}.Release|Any CPU.Build.0 = Release|Any CPU
		{F64D87CF-0458-4FF7-89E2-8833F7B219BF}.Debug|Any CPU.ActiveCfg = Debug|Any CPU
		{F64D87CF-0458-4FF7-89E2-8833F7B219BF}.Debug|Any CPU.Build.0 = Debug|Any CPU
		{F64D87CF-0458-4FF7-89E2-8833F7B219BF}.Release|Any CPU.ActiveCfg = Release|Any CPU
		{F64D87CF-0458-4FF7-89E2-8833F7B219BF}.Release|Any CPU.Build.0 = Release|Any CPU
	EndGlobalSection
	GlobalSection(SolutionProperties) = preSolution
		HideSolutionNode = FALSE
	EndGlobalSection
	GlobalSection(NestedProjects) = preSolution
		{0C8942BD-AECC-47A1-B4CA-F9A632C3AEB2} = {3F55D2D9-0114-4BBC-B7DA-7515895B163D}
		{369E0D2F-E94C-4DBC-9662-B7253056980A} = {3F55D2D9-0114-4BBC-B7DA-7515895B163D}
		{4DF8923B-5711-416B-B43F-515BE026375A} = {3F55D2D9-0114-4BBC-B7DA-7515895B163D}
		{D10322FF-08CF-4DB5-9B0D-B56F4B5D24F9} = {3F55D2D9-0114-4BBC-B7DA-7515895B163D}
		{B4BDB1EF-0577-4537-9F92-FC271395BA50} = {3F55D2D9-0114-4BBC-B7DA-7515895B163D}
		{EC014583-F645-4882-911B-A2891B326DCC} = {3F55D2D9-0114-4BBC-B7DA-7515895B163D}
		{DA09B3CB-FB52-4597-8089-40A670A962D7} = {3F55D2D9-0114-4BBC-B7DA-7515895B163D}
		{F64D87CF-0458-4FF7-89E2-8833F7B219BF} = {3F55D2D9-0114-4BBC-B7DA-7515895B163D}
	EndGlobalSection
EndGlobal
